
Microsoft Visual Studio Solution File, Format Version 12.00
# Visual Studio Version 16
VisualStudioVersion = 16.0.31613.86
MinimumVisualStudioVersion = 10.0.40219.1
Project("{FAE04EC0-301F-11D3-BF4B-00C04F79EFBC}") = "GrpcWebClient", "GrpcWebClient\GrpcWebClient.csproj", "{8C1B971D-5461-464E-BFB7-FCF0B90B86AF}"
EndProject
Project("{FAE04EC0-301F-11D3-BF4B-00C04F79EFBC}") = "WebApplication1", "WebApplication1\WebApplication1.csproj", "{3CC2717C-0865-4216-9A13-83E9B9E2DAE6}"
EndProject
Global
	GlobalSection(SolutionConfigurationPlatforms) = preSolution
		Debug|Any CPU = Debug|Any CPU
		Release|Any CPU = Release|Any CPU
	EndGlobalSection
	GlobalSection(ProjectConfigurationPlatforms) = postSolution
		{8C1B971D-5461-464E-BFB7-FCF0B90B86AF}.Debug|Any CPU.ActiveCfg = Debug|Any CPU
		{8C1B971D-5461-464E-BFB7-FCF0B90B86AF}.Debug|Any CPU.Build.0 = Debug|Any CPU
		{8C1B971D-5461-464E-BFB7-FCF0B90B86AF}.Release|Any CPU.ActiveCfg = Release|Any CPU
		{8C1B971D-5461-464E-BFB7-FCF0B90B86AF}.Release|Any CPU.Build.0 = Release|Any CPU
		{3CC2717C-0865-4216-9A13-83E9B9E2DAE6}.Debug|Any CPU.ActiveCfg = Debug|Any CPU
		{3CC2717C-0865-4216-9A13-83E9B9E2DAE6}.Debug|Any CPU.Build.0 = Debug|Any CPU
		{3CC2717C-0865-4216-9A13-83E9B9E2DAE6}.Release|Any CPU.ActiveCfg = Release|Any CPU
		{3CC2717C-0865-4216-9A13-83E9B9E2DAE6}.Release|Any CPU.Build.0 = Release|Any CPU
	EndGlobalSection
	GlobalSection(SolutionProperties) = preSolution
		HideSolutionNode = FALSE
	EndGlobalSection
	GlobalSection(ExtensibilityGlobals) = postSolution
		SolutionGuid = {5BD05D8E-B45A-4A2A-9628-9031C7B85AB9}
	EndGlobalSection
EndGlobal
