
Microsoft Visual Studio Solution File, Format Version 12.00
# Visual Studio Version 16
VisualStudioVersion = 16.0.30611.23
MinimumVisualStudioVersion = 10.0.40219.1
Project("{9A19103F-16F7-4668-BE54-9A1E7A4F7556}") = "WebApplication1", "WebApplication1.csproj", "{8FFBFF96-BE55-4CB6-B7A6-DAF56FD26EFC}"
EndProject
Global
	GlobalSection(SolutionConfigurationPlatforms) = preSolution
		Debug|Any CPU = Debug|Any CPU
		Release|Any CPU = Release|Any CPU
	EndGlobalSection
	GlobalSection(ProjectConfigurationPlatforms) = postSolution
		{8FFBFF96-BE55-4CB6-B7A6-DAF56FD26EFC}.Debug|Any CPU.ActiveCfg = Debug|Any CPU
		{8FFBFF96-BE55-4CB6-B7A6-DAF56FD26EFC}.Debug|Any CPU.Build.0 = Debug|Any CPU
		{8FFBFF96-BE55-4CB6-B7A6-DAF56FD26EFC}.Release|Any CPU.ActiveCfg = Release|Any CPU
		{8FFBFF96-BE55-4CB6-B7A6-DAF56FD26EFC}.Release|Any CPU.Build.0 = Release|Any CPU
	EndGlobalSection
	GlobalSection(SolutionProperties) = preSolution
		HideSolutionNode = FALSE
	EndGlobalSection
	GlobalSection(ExtensibilityGlobals) = postSolution
		SolutionGuid = {CD8D5586-5F65-4E64-AF96-79EA4CFEEC26}
	EndGlobalSection
EndGlobal
